// !$*UTF8*$!
{
	archiveVersion = 1;
	classes = {
	};
	objectVersion = 77;
	objects = {

/* Begin PBXBuildFile section */
		98017EDE2EA2405C00393AE7 /* Factory in Frameworks */ = {isa = PBXBuildFile; productRef = 98017EDD2EA2405C00393AE7 /* Factory */; };
		9816B7B02E9FA55900853C98 /* Factory in Frameworks */ = {isa = PBXBuildFile; productRef = 9816B7AF2E9FA55900853C98 /* Factory */; };
		986603712EA64E8F004D9FA0 /* Kingfisher in Frameworks */ = {isa = PBXBuildFile; productRef = 986603702EA64E8F004D9FA0 /* Kingfisher */; };
		98BAA25A2EA5186800E8DD01 /* Kingfisher in Frameworks */ = {isa = PBXBuildFile; productRef = 98BAA2592EA5186800E8DD01 /* Kingfisher */; };
/* End PBXBuildFile section */

/* Begin PBXContainerItemProxy section */
		98017E3B2EA1A7E500393AE7 /* PBXContainerItemProxy */ = {
			isa = PBXContainerItemProxy;
			containerPortal = 98705B132E9FA0BB001C9A3F /* Project object */;
			proxyType = 1;
			remoteGlobalIDString = 98017E2D2EA1A7E400393AE7;
			remoteInfo = ProductForm;
		};
		98017E452EA1A7E500393AE7 /* PBXContainerItemProxy */ = {
			isa = PBXContainerItemProxy;
			containerPortal = 98705B132E9FA0BB001C9A3F /* Project object */;
			proxyType = 1;
			remoteGlobalIDString = 98017E2D2EA1A7E400393AE7;
			remoteInfo = ProductForm;
		};
		98705B2F2E9FA0BC001C9A3F /* PBXContainerItemProxy */ = {
			isa = PBXContainerItemProxy;
			containerPortal = 98705B132E9FA0BB001C9A3F /* Project object */;
			proxyType = 1;
			remoteGlobalIDString = 98705B1A2E9FA0BB001C9A3F;
			remoteInfo = BestProducts;
		};
		98705B392E9FA0BC001C9A3F /* PBXContainerItemProxy */ = {
			isa = PBXContainerItemProxy;
			containerPortal = 98705B132E9FA0BB001C9A3F /* Project object */;
			proxyType = 1;
			remoteGlobalIDString = 98705B1A2E9FA0BB001C9A3F;
			remoteInfo = BestProducts;
		};
/* End PBXContainerItemProxy section */

/* Begin PBXFileReference section */
		98017E2E2EA1A7E400393AE7 /* ProductForm.app */ = {isa = PBXFileReference; explicitFileType = wrapper.application; includeInIndex = 0; path = ProductForm.app; sourceTree = BUILT_PRODUCTS_DIR; };
		98017E3A2EA1A7E500393AE7 /* ProductFormTests.xctest */ = {isa = PBXFileReference; explicitFileType = wrapper.cfbundle; includeInIndex = 0; path = ProductFormTests.xctest; sourceTree = BUILT_PRODUCTS_DIR; };
		98017E442EA1A7E500393AE7 /* ProductFormUITests.xctest */ = {isa = PBXFileReference; explicitFileType = wrapper.cfbundle; includeInIndex = 0; path = ProductFormUITests.xctest; sourceTree = BUILT_PRODUCTS_DIR; };
		98705B1B2E9FA0BB001C9A3F /* BestProducts.app */ = {isa = PBXFileReference; explicitFileType = wrapper.application; includeInIndex = 0; path = BestProducts.app; sourceTree = BUILT_PRODUCTS_DIR; };
		98705B2E2E9FA0BC001C9A3F /* BestProductsTests.xctest */ = {isa = PBXFileReference; explicitFileType = wrapper.cfbundle; includeInIndex = 0; path = BestProductsTests.xctest; sourceTree = BUILT_PRODUCTS_DIR; };
		98705B382E9FA0BC001C9A3F /* BestProductsUITests.xctest */ = {isa = PBXFileReference; explicitFileType = wrapper.cfbundle; includeInIndex = 0; path = BestProductsUITests.xctest; sourceTree = BUILT_PRODUCTS_DIR; };
/* End PBXFileReference section */

/* Begin PBXFileSystemSynchronizedBuildFileExceptionSet section */
		98017E582EA1A81F00393AE7 /* Exceptions for "BestProducts" folder in "ProductForm" target */ = {
			isa = PBXFileSystemSynchronizedBuildFileExceptionSet;
			membershipExceptions = (
				BestProductsApp.swift,
				Resources/Assets.xcassets,
				Shared/Enumerations/AppSysteButtomType.swift,
				Shared/Enumerations/Endpoint.swift,
				Shared/Enumerations/EndpointRouter.swift,
				Shared/Enumerations/FilterOption.swift,
				"Shared/Extensions/Strings+Extensions.swift",
				"Shared/Extensions/View+Extensions.swift",
				Shared/Utilities/ViewOffsetKey.swift,
				Views/Components/SystemButtom.swift,
			);
			target = 98017E2D2EA1A7E400393AE7 /* ProductForm */;
		};
		98017E592EA1A81F00393AE7 /* Exceptions for "BestProducts" folder in "ProductFormTests" target */ = {
			isa = PBXFileSystemSynchronizedBuildFileExceptionSet;
			membershipExceptions = (
				Resources/Assets.xcassets,
				Shared/Enumerations/Endpoint.swift,
				Shared/Enumerations/FilterOption.swift,
				"Shared/Extensions/Strings+Extensions.swift",
				"Shared/Extensions/View+Extensions.swift",
				Shared/Utilities/ViewOffsetKey.swift,
			);
			target = 98017E392EA1A7E500393AE7 /* ProductFormTests */;
		};
		98017E5A2EA1A81F00393AE7 /* Exceptions for "BestProducts" folder in "ProductFormUITests" target */ = {
			isa = PBXFileSystemSynchronizedBuildFileExceptionSet;
			membershipExceptions = (
				BestProductsApp.swift,
				Resources/Assets.xcassets,
				Shared/Enumerations/AppSysteButtomType.swift,
				Shared/Enumerations/Endpoint.swift,
				Shared/Enumerations/FilterOption.swift,
				"Shared/Extensions/Strings+Extensions.swift",
				"Shared/Extensions/View+Extensions.swift",
				Shared/Utilities/ViewOffsetKey.swift,
				Views/Components/SystemButtom.swift,
			);
			target = 98017E432EA1A7E500393AE7 /* ProductFormUITests */;
		};
		98017EC42EA1C97B00393AE7 /* Exceptions for "ProductForm" folder in "ProductFormUITests" target */ = {
			isa = PBXFileSystemSynchronizedBuildFileExceptionSet;
			membershipExceptions = (
				Views/FormView.swift,
				Views/ValidationDateView.swift,
				Views/ValidationPickerView.swift,
			);
			target = 98017E432EA1A7E500393AE7 /* ProductFormUITests */;
		};
		9853BBA12E9FA7D500951F26 /* Exceptions for "BestProducts" folder in "BestProductsUITests" target */ = {
			isa = PBXFileSystemSynchronizedBuildFileExceptionSet;
			membershipExceptions = (
				BestProductsApp.swift,
				"Error Handling/ServiceError.swift",
				Models/Product.swift,
				Models/TermTag.swift,
				Resources/Assets.xcassets,
				Shared/Enumerations/AppSysteButtomType.swift,
				Shared/Enumerations/Endpoint.swift,
				Shared/Enumerations/FilterOption.swift,
				"Shared/Extensions/Strings+Extensions.swift",
				"Shared/Extensions/View+Extensions.swift",
				Shared/Protocols/EndpointProtocol.swift,
				Shared/Protocols/MainAppViewModelProtocol.swift,
				Shared/Protocols/ProductRepositoryProtocol.swift,
				Shared/Protocols/ServiceProtocol.swift,
				Shared/Utilities/ViewOffsetKey.swift,
				Views/Components/DynamicHStack.swift,
				Views/Components/RatingView.swift,
				Views/Components/SwitchButton.swift,
				Views/Components/SystemButtom.swift,
				Views/DetailsView.swift,
				Views/ProductListView.swift,
				Views/SearchView.swift,
			);
			target = 98705B372E9FA0BC001C9A3F /* BestProductsUITests */;
		};
		9853BD4B2EA0213400951F26 /* Exceptions for "BestProducts" folder in "BestProductsTests" target */ = {
			isa = PBXFileSystemSynchronizedBuildFileExceptionSet;
			membershipExceptions = (
				"Error Handling/ServiceError.swift",
				Models/Product.swift,
				Models/TermTag.swift,
				Resources/Assets.xcassets,
				Shared/Enumerations/Endpoint.swift,
				Shared/Enumerations/FilterOption.swift,
				"Shared/Extensions/Strings+Extensions.swift",
				"Shared/Extensions/View+Extensions.swift",
				Shared/Protocols/EndpointProtocol.swift,
				Shared/Protocols/MainAppViewModelProtocol.swift,
				Shared/Protocols/ProductRepositoryProtocol.swift,
				Shared/Protocols/ServiceProtocol.swift,
				Shared/Utilities/ViewOffsetKey.swift,
			);
			target = 98705B2D2E9FA0BC001C9A3F /* BestProductsTests */;
		};
/* End PBXFileSystemSynchronizedBuildFileExceptionSet section */

/* Begin PBXFileSystemSynchronizedRootGroup section */
		98017E2F2EA1A7E400393AE7 /* ProductForm */ = {
			isa = PBXFileSystemSynchronizedRootGroup;
			exceptions = (
				98017EC42EA1C97B00393AE7 /* Exceptions for "ProductForm" folder in "ProductFormUITests" target */,
			);
			path = ProductForm;
			sourceTree = "<group>";
		};
		98017E3D2EA1A7E500393AE7 /* ProductFormTests */ = {
			isa = PBXFileSystemSynchronizedRootGroup;
			path = ProductFormTests;
			sourceTree = "<group>";
		};
		98017E472EA1A7E500393AE7 /* ProductFormUITests */ = {
			isa = PBXFileSystemSynchronizedRootGroup;
			path = ProductFormUITests;
			sourceTree = "<group>";
		};
		98705B1D2E9FA0BB001C9A3F /* BestProducts */ = {
			isa = PBXFileSystemSynchronizedRootGroup;
			exceptions = (
				9853BD4B2EA0213400951F26 /* Exceptions for "BestProducts" folder in "BestProductsTests" target */,
				9853BBA12E9FA7D500951F26 /* Exceptions for "BestProducts" folder in "BestProductsUITests" target */,
				98017E582EA1A81F00393AE7 /* Exceptions for "BestProducts" folder in "ProductForm" target */,
				98017E592EA1A81F00393AE7 /* Exceptions for "BestProducts" folder in "ProductFormTests" target */,
				98017E5A2EA1A81F00393AE7 /* Exceptions for "BestProducts" folder in "ProductFormUITests" target */,
			);
			path = BestProducts;
			sourceTree = "<group>";
		};
		98705B312E9FA0BC001C9A3F /* BestProductsTests */ = {
			isa = PBXFileSystemSynchronizedRootGroup;
			path = BestProductsTests;
			sourceTree = "<group>";
		};
		98705B3B2E9FA0BC001C9A3F /* BestProductsUITests */ = {
			isa = PBXFileSystemSynchronizedRootGroup;
			path = BestProductsUITests;
			sourceTree = "<group>";
		};
/* End PBXFileSystemSynchronizedRootGroup section */

/* Begin PBXFrameworksBuildPhase section */
		98017E2B2EA1A7E400393AE7 /* Frameworks */ = {
			isa = PBXFrameworksBuildPhase;
			buildActionMask = 2147483647;
			files = (
				98017EDE2EA2405C00393AE7 /* Factory in Frameworks */,
			);
			runOnlyForDeploymentPostprocessing = 0;
		};
		98017E372EA1A7E500393AE7 /* Frameworks */ = {
			isa = PBXFrameworksBuildPhase;
			buildActionMask = 2147483647;
			files = (
			);
			runOnlyForDeploymentPostprocessing = 0;
		};
		98017E412EA1A7E500393AE7 /* Frameworks */ = {
			isa = PBXFrameworksBuildPhase;
			buildActionMask = 2147483647;
			files = (
			);
			runOnlyForDeploymentPostprocessing = 0;
		};
		98705B182E9FA0BB001C9A3F /* Frameworks */ = {
			isa = PBXFrameworksBuildPhase;
			buildActionMask = 2147483647;
			files = (
				98BAA25A2EA5186800E8DD01 /* Kingfisher in Frameworks */,
				9816B7B02E9FA55900853C98 /* Factory in Frameworks */,
			);
			runOnlyForDeploymentPostprocessing = 0;
		};
		98705B2B2E9FA0BC001C9A3F /* Frameworks */ = {
			isa = PBXFrameworksBuildPhase;
			buildActionMask = 2147483647;
			files = (
			);
			runOnlyForDeploymentPostprocessing = 0;
		};
		98705B352E9FA0BC001C9A3F /* Frameworks */ = {
			isa = PBXFrameworksBuildPhase;
			buildActionMask = 2147483647;
			files = (
				986603712EA64E8F004D9FA0 /* Kingfisher in Frameworks */,
			);
			runOnlyForDeploymentPostprocessing = 0;
		};
/* End PBXFrameworksBuildPhase section */

/* Begin PBXGroup section */
		98705B122E9FA0BB001C9A3F = {
			isa = PBXGroup;
			children = (
				98705B1D2E9FA0BB001C9A3F /* BestProducts */,
				98705B312E9FA0BC001C9A3F /* BestProductsTests */,
				98705B3B2E9FA0BC001C9A3F /* BestProductsUITests */,
				98017E2F2EA1A7E400393AE7 /* ProductForm */,
				98017E3D2EA1A7E500393AE7 /* ProductFormTests */,
				98017E472EA1A7E500393AE7 /* ProductFormUITests */,
				98705B1C2E9FA0BB001C9A3F /* Products */,
			);
			sourceTree = "<group>";
		};
		98705B1C2E9FA0BB001C9A3F /* Products */ = {
			isa = PBXGroup;
			children = (
				98705B1B2E9FA0BB001C9A3F /* BestProducts.app */,
				98705B2E2E9FA0BC001C9A3F /* BestProductsTests.xctest */,
				98705B382E9FA0BC001C9A3F /* BestProductsUITests.xctest */,
				98017E2E2EA1A7E400393AE7 /* ProductForm.app */,
				98017E3A2EA1A7E500393AE7 /* ProductFormTests.xctest */,
				98017E442EA1A7E500393AE7 /* ProductFormUITests.xctest */,
			);
			name = Products;
			sourceTree = "<group>";
		};
/* End PBXGroup section */

/* Begin PBXNativeTarget section */
		98017E2D2EA1A7E400393AE7 /* ProductForm */ = {
			isa = PBXNativeTarget;
			buildConfigurationList = 98017E522EA1A7E500393AE7 /* Build configuration list for PBXNativeTarget "ProductForm" */;
			buildPhases = (
				98017E2A2EA1A7E400393AE7 /* Sources */,
				98017E2B2EA1A7E400393AE7 /* Frameworks */,
				98017E2C2EA1A7E400393AE7 /* Resources */,
			);
			buildRules = (
			);
			dependencies = (
			);
			fileSystemSynchronizedGroups = (
				98017E2F2EA1A7E400393AE7 /* ProductForm */,
			);
			name = ProductForm;
			packageProductDependencies = (
				98017EDD2EA2405C00393AE7 /* Factory */,
			);
			productName = ProductForm;
			productReference = 98017E2E2EA1A7E400393AE7 /* ProductForm.app */;
			productType = "com.apple.product-type.application";
		};
		98017E392EA1A7E500393AE7 /* ProductFormTests */ = {
			isa = PBXNativeTarget;
			buildConfigurationList = 98017E532EA1A7E500393AE7 /* Build configuration list for PBXNativeTarget "ProductFormTests" */;
			buildPhases = (
				98017E362EA1A7E500393AE7 /* Sources */,
				98017E372EA1A7E500393AE7 /* Frameworks */,
				98017E382EA1A7E500393AE7 /* Resources */,
			);
			buildRules = (
			);
			dependencies = (
				98017E3C2EA1A7E500393AE7 /* PBXTargetDependency */,
			);
			fileSystemSynchronizedGroups = (
				98017E3D2EA1A7E500393AE7 /* ProductFormTests */,
			);
			name = ProductFormTests;
			packageProductDependencies = (
			);
			productName = ProductFormTests;
			productReference = 98017E3A2EA1A7E500393AE7 /* ProductFormTests.xctest */;
			productType = "com.apple.product-type.bundle.unit-test";
		};
		98017E432EA1A7E500393AE7 /* ProductFormUITests */ = {
			isa = PBXNativeTarget;
			buildConfigurationList = 98017E542EA1A7E500393AE7 /* Build configuration list for PBXNativeTarget "ProductFormUITests" */;
			buildPhases = (
				98017E402EA1A7E500393AE7 /* Sources */,
				98017E412EA1A7E500393AE7 /* Frameworks */,
				98017E422EA1A7E500393AE7 /* Resources */,
			);
			buildRules = (
			);
			dependencies = (
				98017E462EA1A7E500393AE7 /* PBXTargetDependency */,
			);
			fileSystemSynchronizedGroups = (
				98017E472EA1A7E500393AE7 /* ProductFormUITests */,
			);
			name = ProductFormUITests;
			packageProductDependencies = (
			);
			productName = ProductFormUITests;
			productReference = 98017E442EA1A7E500393AE7 /* ProductFormUITests.xctest */;
			productType = "com.apple.product-type.bundle.ui-testing";
		};
		98705B1A2E9FA0BB001C9A3F /* BestProducts */ = {
			isa = PBXNativeTarget;
			buildConfigurationList = 98705B422E9FA0BD001C9A3F /* Build configuration list for PBXNativeTarget "BestProducts" */;
			buildPhases = (
				98705B172E9FA0BB001C9A3F /* Sources */,
				98705B182E9FA0BB001C9A3F /* Frameworks */,
				98705B192E9FA0BB001C9A3F /* Resources */,
			);
			buildRules = (
			);
			dependencies = (
				9853BB9D2E9FA75600951F26 /* PBXTargetDependency */,
			);
			fileSystemSynchronizedGroups = (
				98705B1D2E9FA0BB001C9A3F /* BestProducts */,
			);
			name = BestProducts;
			packageProductDependencies = (
				9816B7AF2E9FA55900853C98 /* Factory */,
				98BAA2592EA5186800E8DD01 /* Kingfisher */,
			);
			productName = BestProducts;
			productReference = 98705B1B2E9FA0BB001C9A3F /* BestProducts.app */;
			productType = "com.apple.product-type.application";
		};
		98705B2D2E9FA0BC001C9A3F /* BestProductsTests */ = {
			isa = PBXNativeTarget;
			buildConfigurationList = 98705B452E9FA0BD001C9A3F /* Build configuration list for PBXNativeTarget "BestProductsTests" */;
			buildPhases = (
				98705B2A2E9FA0BC001C9A3F /* Sources */,
				98705B2B2E9FA0BC001C9A3F /* Frameworks */,
				98705B2C2E9FA0BC001C9A3F /* Resources */,
			);
			buildRules = (
			);
			dependencies = (
				98705B302E9FA0BC001C9A3F /* PBXTargetDependency */,
			);
			fileSystemSynchronizedGroups = (
				98705B312E9FA0BC001C9A3F /* BestProductsTests */,
			);
			name = BestProductsTests;
			packageProductDependencies = (
			);
			productName = BestProductsTests;
			productReference = 98705B2E2E9FA0BC001C9A3F /* BestProductsTests.xctest */;
			productType = "com.apple.product-type.bundle.unit-test";
		};
		98705B372E9FA0BC001C9A3F /* BestProductsUITests */ = {
			isa = PBXNativeTarget;
			buildConfigurationList = 98705B482E9FA0BD001C9A3F /* Build configuration list for PBXNativeTarget "BestProductsUITests" */;
			buildPhases = (
				98705B342E9FA0BC001C9A3F /* Sources */,
				98705B352E9FA0BC001C9A3F /* Frameworks */,
				98705B362E9FA0BC001C9A3F /* Resources */,
			);
			buildRules = (
			);
			dependencies = (
				98705B3A2E9FA0BC001C9A3F /* PBXTargetDependency */,
			);
			fileSystemSynchronizedGroups = (
				98705B3B2E9FA0BC001C9A3F /* BestProductsUITests */,
			);
			name = BestProductsUITests;
			packageProductDependencies = (
				986603702EA64E8F004D9FA0 /* Kingfisher */,
			);
			productName = BestProductsUITests;
			productReference = 98705B382E9FA0BC001C9A3F /* BestProductsUITests.xctest */;
			productType = "com.apple.product-type.bundle.ui-testing";
		};
/* End PBXNativeTarget section */

/* Begin PBXProject section */
		98705B132E9FA0BB001C9A3F /* Project object */ = {
			isa = PBXProject;
			attributes = {
				BuildIndependentTargetsInParallel = 1;
				LastSwiftUpdateCheck = 1640;
				LastUpgradeCheck = 1640;
				TargetAttributes = {
					98017E2D2EA1A7E400393AE7 = {
						CreatedOnToolsVersion = 16.4;
					};
					98017E392EA1A7E500393AE7 = {
						CreatedOnToolsVersion = 16.4;
						TestTargetID = 98017E2D2EA1A7E400393AE7;
					};
					98017E432EA1A7E500393AE7 = {
						CreatedOnToolsVersion = 16.4;
						TestTargetID = 98017E2D2EA1A7E400393AE7;
					};
					98705B1A2E9FA0BB001C9A3F = {
						CreatedOnToolsVersion = 16.4;
					};
					98705B2D2E9FA0BC001C9A3F = {
						CreatedOnToolsVersion = 16.4;
						TestTargetID = 98705B1A2E9FA0BB001C9A3F;
					};
					98705B372E9FA0BC001C9A3F = {
						CreatedOnToolsVersion = 16.4;
						TestTargetID = 98705B1A2E9FA0BB001C9A3F;
					};
				};
			};
			buildConfigurationList = 98705B162E9FA0BB001C9A3F /* Build configuration list for PBXProject "BestProducts" */;
			developmentRegion = en;
			hasScannedForEncodings = 0;
			knownRegions = (
				en,
				Base,
			);
			mainGroup = 98705B122E9FA0BB001C9A3F;
			minimizedProjectReferenceProxies = 1;
			packageReferences = (
				9816B7AB2E9FA4E100853C98 /* XCRemoteSwiftPackageReference "SwiftLintPlugins" */,
				9816B7AE2E9FA55900853C98 /* XCRemoteSwiftPackageReference "Factory" */,
				98BAA2582EA5186800E8DD01 /* XCRemoteSwiftPackageReference "Kingfisher" */,
			);
			preferredProjectObjectVersion = 77;
			productRefGroup = 98705B1C2E9FA0BB001C9A3F /* Products */;
			projectDirPath = "";
			projectRoot = "";
			targets = (
				98705B1A2E9FA0BB001C9A3F /* BestProducts */,
				98705B2D2E9FA0BC001C9A3F /* BestProductsTests */,
				98705B372E9FA0BC001C9A3F /* BestProductsUITests */,
				98017E2D2EA1A7E400393AE7 /* ProductForm */,
				98017E392EA1A7E500393AE7 /* ProductFormTests */,
				98017E432EA1A7E500393AE7 /* ProductFormUITests */,
			);
		};
/* End PBXProject section */

/* Begin PBXResourcesBuildPhase section */
		98017E2C2EA1A7E400393AE7 /* Resources */ = {
			isa = PBXResourcesBuildPhase;
			buildActionMask = 2147483647;
			files = (
			);
			runOnlyForDeploymentPostprocessing = 0;
		};
		98017E382EA1A7E500393AE7 /* Resources */ = {
			isa = PBXResourcesBuildPhase;
			buildActionMask = 2147483647;
			files = (
			);
			runOnlyForDeploymentPostprocessing = 0;
		};
		98017E422EA1A7E500393AE7 /* Resources */ = {
			isa = PBXResourcesBuildPhase;
			buildActionMask = 2147483647;
			files = (
			);
			runOnlyForDeploymentPostprocessing = 0;
		};
		98705B192E9FA0BB001C9A3F /* Resources */ = {
			isa = PBXResourcesBuildPhase;
			buildActionMask = 2147483647;
			files = (
			);
			runOnlyForDeploymentPostprocessing = 0;
		};
		98705B2C2E9FA0BC001C9A3F /* Resources */ = {
			isa = PBXResourcesBuildPhase;
			buildActionMask = 2147483647;
			files = (
			);
			runOnlyForDeploymentPostprocessing = 0;
		};
		98705B362E9FA0BC001C9A3F /* Resources */ = {
			isa = PBXResourcesBuildPhase;
			buildActionMask = 2147483647;
			files = (
			);
			runOnlyForDeploymentPostprocessing = 0;
		};
/* End PBXResourcesBuildPhase section */

/* Begin PBXSourcesBuildPhase section */
		98017E2A2EA1A7E400393AE7 /* Sources */ = {
			isa = PBXSourcesBuildPhase;
			buildActionMask = 2147483647;
			files = (
			);
			runOnlyForDeploymentPostprocessing = 0;
		};
		98017E362EA1A7E500393AE7 /* Sources */ = {
			isa = PBXSourcesBuildPhase;
			buildActionMask = 2147483647;
			files = (
			);
			runOnlyForDeploymentPostprocessing = 0;
		};
		98017E402EA1A7E500393AE7 /* Sources */ = {
			isa = PBXSourcesBuildPhase;
			buildActionMask = 2147483647;
			files = (
			);
			runOnlyForDeploymentPostprocessing = 0;
		};
		98705B172E9FA0BB001C9A3F /* Sources */ = {
			isa = PBXSourcesBuildPhase;
			buildActionMask = 2147483647;
			files = (
			);
			runOnlyForDeploymentPostprocessing = 0;
		};
		98705B2A2E9FA0BC001C9A3F /* Sources */ = {
			isa = PBXSourcesBuildPhase;
			buildActionMask = 2147483647;
			files = (
			);
			runOnlyForDeploymentPostprocessing = 0;
		};
		98705B342E9FA0BC001C9A3F /* Sources */ = {
			isa = PBXSourcesBuildPhase;
			buildActionMask = 2147483647;
			files = (
			);
			runOnlyForDeploymentPostprocessing = 0;
		};
/* End PBXSourcesBuildPhase section */

/* Begin PBXTargetDependency section */
		98017E3C2EA1A7E500393AE7 /* PBXTargetDependency */ = {
			isa = PBXTargetDependency;
			target = 98017E2D2EA1A7E400393AE7 /* ProductForm */;
			targetProxy = 98017E3B2EA1A7E500393AE7 /* PBXContainerItemProxy */;
		};
		98017E462EA1A7E500393AE7 /* PBXTargetDependency */ = {
			isa = PBXTargetDependency;
			target = 98017E2D2EA1A7E400393AE7 /* ProductForm */;
			targetProxy = 98017E452EA1A7E500393AE7 /* PBXContainerItemProxy */;
		};
		9853BB9D2E9FA75600951F26 /* PBXTargetDependency */ = {
			isa = PBXTargetDependency;
			productRef = 9853BB9C2E9FA75600951F26 /* SwiftLintBuildToolPlugin */;
		};
		98705B302E9FA0BC001C9A3F /* PBXTargetDependency */ = {
			isa = PBXTargetDependency;
			target = 98705B1A2E9FA0BB001C9A3F /* BestProducts */;
			targetProxy = 98705B2F2E9FA0BC001C9A3F /* PBXContainerItemProxy */;
		};
		98705B3A2E9FA0BC001C9A3F /* PBXTargetDependency */ = {
			isa = PBXTargetDependency;
			target = 98705B1A2E9FA0BB001C9A3F /* BestProducts */;
			targetProxy = 98705B392E9FA0BC001C9A3F /* PBXContainerItemProxy */;
		};
/* End PBXTargetDependency section */

/* Begin XCBuildConfiguration section */
		98017E4C2EA1A7E500393AE7 /* Debug */ = {
			isa = XCBuildConfiguration;
			buildSettings = {
				ASSETCATALOG_COMPILER_APPICON_NAME = AppIcon;
				ASSETCATALOG_COMPILER_GLOBAL_ACCENT_COLOR_NAME = AccentColor;
				CODE_SIGN_STYLE = Automatic;
				CURRENT_PROJECT_VERSION = 1;
				DEVELOPMENT_TEAM = HXGGE8M769;
				ENABLE_PREVIEWS = YES;
				GCC_PREPROCESSOR_DEFINITIONS = (
					"FORMS=1",
					"DEBUG=1",
				);
				GENERATE_INFOPLIST_FILE = YES;
				INFOPLIST_KEY_UIApplicationSceneManifest_Generation = YES;
				INFOPLIST_KEY_UIApplicationSupportsIndirectInputEvents = YES;
				INFOPLIST_KEY_UILaunchScreen_Generation = YES;
				INFOPLIST_KEY_UISupportedInterfaceOrientations_iPad = "UIInterfaceOrientationPortrait UIInterfaceOrientationPortraitUpsideDown UIInterfaceOrientationLandscapeLeft UIInterfaceOrientationLandscapeRight";
				INFOPLIST_KEY_UISupportedInterfaceOrientations_iPhone = "UIInterfaceOrientationPortrait UIInterfaceOrientationLandscapeLeft UIInterfaceOrientationLandscapeRight";
				IPHONEOS_DEPLOYMENT_TARGET = 18.5;
				LD_RUNPATH_SEARCH_PATHS = (
					"$(inherited)",
					"@executable_path/Frameworks",
				);
				MARKETING_VERSION = 1.0;
				PRODUCT_BUNDLE_IDENTIFIER = com.leoStudies.ProductForm;
				PRODUCT_NAME = "$(TARGET_NAME)";
				SDKROOT = iphoneos;
				SWIFT_ACTIVE_COMPILATION_CONDITIONS = "FORMS DEBUG";
				SWIFT_EMIT_LOC_STRINGS = YES;
				SWIFT_VERSION = 5.0;
				TARGETED_DEVICE_FAMILY = "1,2";
			};
			name = Debug;
		};
		98017E4D2EA1A7E500393AE7 /* Release */ = {
			isa = XCBuildConfiguration;
			buildSettings = {
				ASSETCATALOG_COMPILER_APPICON_NAME = AppIcon;
				ASSETCATALOG_COMPILER_GLOBAL_ACCENT_COLOR_NAME = AccentColor;
				CODE_SIGN_STYLE = Automatic;
				CURRENT_PROJECT_VERSION = 1;
				DEVELOPMENT_TEAM = HXGGE8M769;
				ENABLE_PREVIEWS = YES;
				GCC_PREPROCESSOR_DEFINITIONS = "FORMS=1";
				GENERATE_INFOPLIST_FILE = YES;
				INFOPLIST_KEY_UIApplicationSceneManifest_Generation = YES;
				INFOPLIST_KEY_UIApplicationSupportsIndirectInputEvents = YES;
				INFOPLIST_KEY_UILaunchScreen_Generation = YES;
				INFOPLIST_KEY_UISupportedInterfaceOrientations_iPad = "UIInterfaceOrientationPortrait UIInterfaceOrientationPortraitUpsideDown UIInterfaceOrientationLandscapeLeft UIInterfaceOrientationLandscapeRight";
				INFOPLIST_KEY_UISupportedInterfaceOrientations_iPhone = "UIInterfaceOrientationPortrait UIInterfaceOrientationLandscapeLeft UIInterfaceOrientationLandscapeRight";
				IPHONEOS_DEPLOYMENT_TARGET = 18.5;
				LD_RUNPATH_SEARCH_PATHS = (
					"$(inherited)",
					"@executable_path/Frameworks",
				);
				MARKETING_VERSION = 1.0;
				PRODUCT_BUNDLE_IDENTIFIER = com.leoStudies.ProductForm;
				PRODUCT_NAME = "$(TARGET_NAME)";
				SDKROOT = iphoneos;
				SWIFT_ACTIVE_COMPILATION_CONDITIONS = FORMS;
				SWIFT_EMIT_LOC_STRINGS = YES;
				SWIFT_VERSION = 5.0;
				TARGETED_DEVICE_FAMILY = "1,2";
				VALIDATE_PRODUCT = YES;
			};
			name = Release;
		};
		98017E4E2EA1A7E500393AE7 /* Debug */ = {
			isa = XCBuildConfiguration;
			buildSettings = {
				BUNDLE_LOADER = "$(TEST_HOST)";
				CODE_SIGN_STYLE = Automatic;
				CURRENT_PROJECT_VERSION = 1;
				DEVELOPMENT_TEAM = HXGGE8M769;
				GENERATE_INFOPLIST_FILE = YES;
				IPHONEOS_DEPLOYMENT_TARGET = 18.5;
				MARKETING_VERSION = 1.0;
				PRODUCT_BUNDLE_IDENTIFIER = com.leoStudies.ProductFormTests;
				PRODUCT_NAME = "$(TARGET_NAME)";
				SDKROOT = iphoneos;
				SWIFT_EMIT_LOC_STRINGS = NO;
				SWIFT_VERSION = 5.0;
				TARGETED_DEVICE_FAMILY = "1,2";
				TEST_HOST = "$(BUILT_PRODUCTS_DIR)/ProductForm.app/$(BUNDLE_EXECUTABLE_FOLDER_PATH)/ProductForm";
			};
			name = Debug;
		};
		98017E4F2EA1A7E500393AE7 /* Release */ = {
			isa = XCBuildConfiguration;
			buildSettings = {
				BUNDLE_LOADER = "$(TEST_HOST)";
				CODE_SIGN_STYLE = Automatic;
				CURRENT_PROJECT_VERSION = 1;
				DEVELOPMENT_TEAM = HXGGE8M769;
				GENERATE_INFOPLIST_FILE = YES;
				IPHONEOS_DEPLOYMENT_TARGET = 18.5;
				MARKETING_VERSION = 1.0;
				PRODUCT_BUNDLE_IDENTIFIER = com.leoStudies.ProductFormTests;
				PRODUCT_NAME = "$(TARGET_NAME)";
				SDKROOT = iphoneos;
				SWIFT_EMIT_LOC_STRINGS = NO;
				SWIFT_VERSION = 5.0;
				TARGETED_DEVICE_FAMILY = "1,2";
				TEST_HOST = "$(BUILT_PRODUCTS_DIR)/ProductForm.app/$(BUNDLE_EXECUTABLE_FOLDER_PATH)/ProductForm";
				VALIDATE_PRODUCT = YES;
			};
			name = Release;
		};
		98017E502EA1A7E500393AE7 /* Debug */ = {
			isa = XCBuildConfiguration;
			buildSettings = {
				CODE_SIGN_STYLE = Automatic;
				CURRENT_PROJECT_VERSION = 1;
				DEVELOPMENT_TEAM = HXGGE8M769;
				GENERATE_INFOPLIST_FILE = YES;
				IPHONEOS_DEPLOYMENT_TARGET = 18.5;
				MARKETING_VERSION = 1.0;
				PRODUCT_BUNDLE_IDENTIFIER = com.leoStudies.ProductFormUITests;
				PRODUCT_NAME = "$(TARGET_NAME)";
				SDKROOT = iphoneos;
				SWIFT_EMIT_LOC_STRINGS = NO;
				SWIFT_VERSION = 5.0;
				TARGETED_DEVICE_FAMILY = "1,2";
				TEST_TARGET_NAME = ProductForm;
			};
			name = Debug;
		};
		98017E512EA1A7E500393AE7 /* Release */ = {
			isa = XCBuildConfiguration;
			buildSettings = {
				CODE_SIGN_STYLE = Automatic;
				CURRENT_PROJECT_VERSION = 1;
				DEVELOPMENT_TEAM = HXGGE8M769;
				GENERATE_INFOPLIST_FILE = YES;
				IPHONEOS_DEPLOYMENT_TARGET = 18.5;
				MARKETING_VERSION = 1.0;
				PRODUCT_BUNDLE_IDENTIFIER = com.leoStudies.ProductFormUITests;
				PRODUCT_NAME = "$(TARGET_NAME)";
				SDKROOT = iphoneos;
				SWIFT_EMIT_LOC_STRINGS = NO;
				SWIFT_VERSION = 5.0;
				TARGETED_DEVICE_FAMILY = "1,2";
				TEST_TARGET_NAME = ProductForm;
				VALIDATE_PRODUCT = YES;
			};
			name = Release;
		};
		98705B402E9FA0BD001C9A3F /* Debug */ = {
			isa = XCBuildConfiguration;
			buildSettings = {
				ALWAYS_SEARCH_USER_PATHS = NO;
				ASSETCATALOG_COMPILER_GENERATE_SWIFT_ASSET_SYMBOL_EXTENSIONS = YES;
				CLANG_ANALYZER_NONNULL = YES;
				CLANG_ANALYZER_NUMBER_OBJECT_CONVERSION = YES_AGGRESSIVE;
				CLANG_CXX_LANGUAGE_STANDARD = "gnu++20";
				CLANG_ENABLE_MODULES = YES;
				CLANG_ENABLE_OBJC_ARC = YES;
				CLANG_ENABLE_OBJC_WEAK = YES;
				CLANG_WARN_BLOCK_CAPTURE_AUTORELEASING = YES;
				CLANG_WARN_BOOL_CONVERSION = YES;
				CLANG_WARN_COMMA = YES;
				CLANG_WARN_CONSTANT_CONVERSION = YES;
				CLANG_WARN_DEPRECATED_OBJC_IMPLEMENTATIONS = YES;
				CLANG_WARN_DIRECT_OBJC_ISA_USAGE = YES_ERROR;
				CLANG_WARN_DOCUMENTATION_COMMENTS = YES;
				CLANG_WARN_EMPTY_BODY = YES;
				CLANG_WARN_ENUM_CONVERSION = YES;
				CLANG_WARN_INFINITE_RECURSION = YES;
				CLANG_WARN_INT_CONVERSION = YES;
				CLANG_WARN_NON_LITERAL_NULL_CONVERSION = YES;
				CLANG_WARN_OBJC_IMPLICIT_RETAIN_SELF = YES;
				CLANG_WARN_OBJC_LITERAL_CONVERSION = YES;
				CLANG_WARN_OBJC_ROOT_CLASS = YES_ERROR;
				CLANG_WARN_QUOTED_INCLUDE_IN_FRAMEWORK_HEADER = YES;
				CLANG_WARN_RANGE_LOOP_ANALYSIS = YES;
				CLANG_WARN_STRICT_PROTOTYPES = YES;
				CLANG_WARN_SUSPICIOUS_MOVE = YES;
				CLANG_WARN_UNGUARDED_AVAILABILITY = YES_AGGRESSIVE;
				CLANG_WARN_UNREACHABLE_CODE = YES;
				CLANG_WARN__DUPLICATE_METHOD_MATCH = YES;
				COPY_PHASE_STRIP = NO;
				DEBUG_INFORMATION_FORMAT = dwarf;
				DEVELOPMENT_TEAM = HXGGE8M769;
				ENABLE_STRICT_OBJC_MSGSEND = YES;
				ENABLE_TESTABILITY = YES;
				ENABLE_USER_SCRIPT_SANDBOXING = YES;
				GCC_C_LANGUAGE_STANDARD = gnu17;
				GCC_DYNAMIC_NO_PIC = NO;
				GCC_NO_COMMON_BLOCKS = YES;
				GCC_OPTIMIZATION_LEVEL = 0;
				GCC_PREPROCESSOR_DEFINITIONS = (
					"DEBUG=1",
					"$(inherited)",
				);
				GCC_WARN_64_TO_32_BIT_CONVERSION = YES;
				GCC_WARN_ABOUT_RETURN_TYPE = YES_ERROR;
				GCC_WARN_UNDECLARED_SELECTOR = YES;
				GCC_WARN_UNINITIALIZED_AUTOS = YES_AGGRESSIVE;
				GCC_WARN_UNUSED_FUNCTION = YES;
				GCC_WARN_UNUSED_VARIABLE = YES;
				LOCALIZATION_PREFERS_STRING_CATALOGS = YES;
				MTL_ENABLE_DEBUG_INFO = INCLUDE_SOURCE;
				MTL_FAST_MATH = YES;
				ONLY_ACTIVE_ARCH = YES;
				SWIFT_ACTIVE_COMPILATION_CONDITIONS = "DEBUG $(inherited)";
				SWIFT_OPTIMIZATION_LEVEL = "-Onone";
			};
			name = Debug;
		};
		98705B412E9FA0BD001C9A3F /* Release */ = {
			isa = XCBuildConfiguration;
			buildSettings = {
				ALWAYS_SEARCH_USER_PATHS = NO;
				ASSETCATALOG_COMPILER_GENERATE_SWIFT_ASSET_SYMBOL_EXTENSIONS = YES;
				CLANG_ANALYZER_NONNULL = YES;
				CLANG_ANALYZER_NUMBER_OBJECT_CONVERSION = YES_AGGRESSIVE;
				CLANG_CXX_LANGUAGE_STANDARD = "gnu++20";
				CLANG_ENABLE_MODULES = YES;
				CLANG_ENABLE_OBJC_ARC = YES;
				CLANG_ENABLE_OBJC_WEAK = YES;
				CLANG_WARN_BLOCK_CAPTURE_AUTORELEASING = YES;
				CLANG_WARN_BOOL_CONVERSION = YES;
				CLANG_WARN_COMMA = YES;
				CLANG_WARN_CONSTANT_CONVERSION = YES;
				CLANG_WARN_DEPRECATED_OBJC_IMPLEMENTATIONS = YES;
				CLANG_WARN_DIRECT_OBJC_ISA_USAGE = YES_ERROR;
				CLANG_WARN_DOCUMENTATION_COMMENTS = YES;
				CLANG_WARN_EMPTY_BODY = YES;
				CLANG_WARN_ENUM_CONVERSION = YES;
				CLANG_WARN_INFINITE_RECURSION = YES;
				CLANG_WARN_INT_CONVERSION = YES;
				CLANG_WARN_NON_LITERAL_NULL_CONVERSION = YES;
				CLANG_WARN_OBJC_IMPLICIT_RETAIN_SELF = YES;
				CLANG_WARN_OBJC_LITERAL_CONVERSION = YES;
				CLANG_WARN_OBJC_ROOT_CLASS = YES_ERROR;
				CLANG_WARN_QUOTED_INCLUDE_IN_FRAMEWORK_HEADER = YES;
				CLANG_WARN_RANGE_LOOP_ANALYSIS = YES;
				CLANG_WARN_STRICT_PROTOTYPES = YES;
				CLANG_WARN_SUSPICIOUS_MOVE = YES;
				CLANG_WARN_UNGUARDED_AVAILABILITY = YES_AGGRESSIVE;
				CLANG_WARN_UNREACHABLE_CODE = YES;
				CLANG_WARN__DUPLICATE_METHOD_MATCH = YES;
				COPY_PHASE_STRIP = NO;
				DEBUG_INFORMATION_FORMAT = "dwarf-with-dsym";
				DEVELOPMENT_TEAM = HXGGE8M769;
				ENABLE_NS_ASSERTIONS = NO;
				ENABLE_STRICT_OBJC_MSGSEND = YES;
				ENABLE_USER_SCRIPT_SANDBOXING = YES;
				GCC_C_LANGUAGE_STANDARD = gnu17;
				GCC_NO_COMMON_BLOCKS = YES;
				GCC_WARN_64_TO_32_BIT_CONVERSION = YES;
				GCC_WARN_ABOUT_RETURN_TYPE = YES_ERROR;
				GCC_WARN_UNDECLARED_SELECTOR = YES;
				GCC_WARN_UNINITIALIZED_AUTOS = YES_AGGRESSIVE;
				GCC_WARN_UNUSED_FUNCTION = YES;
				GCC_WARN_UNUSED_VARIABLE = YES;
				LOCALIZATION_PREFERS_STRING_CATALOGS = YES;
				MTL_ENABLE_DEBUG_INFO = NO;
				MTL_FAST_MATH = YES;
				SWIFT_COMPILATION_MODE = wholemodule;
			};
			name = Release;
		};
		98705B432E9FA0BD001C9A3F /* Debug */ = {
			isa = XCBuildConfiguration;
			buildSettings = {
				ASSETCATALOG_COMPILER_APPICON_NAME = AppIcon;
				ASSETCATALOG_COMPILER_GLOBAL_ACCENT_COLOR_NAME = AccentColor;
				CODE_SIGN_ENTITLEMENTS = BestProducts/Resources/BestProducts.entitlements;
				CODE_SIGN_STYLE = Automatic;
				CURRENT_PROJECT_VERSION = 1;
				DEVELOPMENT_TEAM = HXGGE8M769;
				ENABLE_HARDENED_RUNTIME = YES;
				ENABLE_PREVIEWS = YES;
				GCC_PREPROCESSOR_DEFINITIONS = (
					"PRODUCTS=1",
					"DEBUG=1",
				);
				GENERATE_INFOPLIST_FILE = YES;
				"INFOPLIST_KEY_UIApplicationSceneManifest_Generation[sdk=iphoneos*]" = YES;
				"INFOPLIST_KEY_UIApplicationSceneManifest_Generation[sdk=iphonesimulator*]" = YES;
				"INFOPLIST_KEY_UIApplicationSupportsIndirectInputEvents[sdk=iphoneos*]" = YES;
				"INFOPLIST_KEY_UIApplicationSupportsIndirectInputEvents[sdk=iphonesimulator*]" = YES;
				"INFOPLIST_KEY_UILaunchScreen_Generation[sdk=iphoneos*]" = YES;
				"INFOPLIST_KEY_UILaunchScreen_Generation[sdk=iphonesimulator*]" = YES;
				"INFOPLIST_KEY_UIStatusBarStyle[sdk=iphoneos*]" = UIStatusBarStyleDefault;
				"INFOPLIST_KEY_UIStatusBarStyle[sdk=iphonesimulator*]" = UIStatusBarStyleDefault;
				INFOPLIST_KEY_UISupportedInterfaceOrientations_iPad = "UIInterfaceOrientationPortrait UIInterfaceOrientationPortraitUpsideDown UIInterfaceOrientationLandscapeLeft UIInterfaceOrientationLandscapeRight";
				INFOPLIST_KEY_UISupportedInterfaceOrientations_iPhone = "UIInterfaceOrientationPortrait UIInterfaceOrientationLandscapeLeft UIInterfaceOrientationLandscapeRight";
				IPHONEOS_DEPLOYMENT_TARGET = 18.5;
				LD_RUNPATH_SEARCH_PATHS = "@executable_path/Frameworks";
				"LD_RUNPATH_SEARCH_PATHS[sdk=macosx*]" = "@executable_path/../Frameworks";
				MACOSX_DEPLOYMENT_TARGET = 15.5;
				MARKETING_VERSION = 1.0;
				PRODUCT_BUNDLE_IDENTIFIER = com.leoStudies.BestProducts;
				PRODUCT_NAME = "$(TARGET_NAME)";
				REGISTER_APP_GROUPS = YES;
				SDKROOT = auto;
				SUPPORTED_PLATFORMS = "iphoneos iphonesimulator macosx xros xrsimulator";
				SWIFT_ACTIVE_COMPILATION_CONDITIONS = "PRODUCTS DEBUG";
				SWIFT_EMIT_LOC_STRINGS = YES;
				SWIFT_VERSION = 5.0;
				TARGETED_DEVICE_FAMILY = "1,2,7";
				XROS_DEPLOYMENT_TARGET = 2.5;
			};
			name = Debug;
		};
		98705B442E9FA0BD001C9A3F /* Release */ = {
			isa = XCBuildConfiguration;
			buildSettings = {
				ASSETCATALOG_COMPILER_APPICON_NAME = AppIcon;
				ASSETCATALOG_COMPILER_GLOBAL_ACCENT_COLOR_NAME = AccentColor;
				CODE_SIGN_ENTITLEMENTS = BestProducts/Resources/BestProducts.entitlements;
				CODE_SIGN_STYLE = Automatic;
				CURRENT_PROJECT_VERSION = 1;
				DEVELOPMENT_TEAM = HXGGE8M769;
				ENABLE_HARDENED_RUNTIME = YES;
				ENABLE_PREVIEWS = YES;
				GCC_PREPROCESSOR_DEFINITIONS = "PRODUCTS=1";
				GENERATE_INFOPLIST_FILE = YES;
				"INFOPLIST_KEY_UIApplicationSceneManifest_Generation[sdk=iphoneos*]" = YES;
				"INFOPLIST_KEY_UIApplicationSceneManifest_Generation[sdk=iphonesimulator*]" = YES;
				"INFOPLIST_KEY_UIApplicationSupportsIndirectInputEvents[sdk=iphoneos*]" = YES;
				"INFOPLIST_KEY_UIApplicationSupportsIndirectInputEvents[sdk=iphonesimulator*]" = YES;
				"INFOPLIST_KEY_UILaunchScreen_Generation[sdk=iphoneos*]" = YES;
				"INFOPLIST_KEY_UILaunchScreen_Generation[sdk=iphonesimulator*]" = YES;
				"INFOPLIST_KEY_UIStatusBarStyle[sdk=iphoneos*]" = UIStatusBarStyleDefault;
				"INFOPLIST_KEY_UIStatusBarStyle[sdk=iphonesimulator*]" = UIStatusBarStyleDefault;
				INFOPLIST_KEY_UISupportedInterfaceOrientations_iPad = "UIInterfaceOrientationPortrait UIInterfaceOrientationPortraitUpsideDown UIInterfaceOrientationLandscapeLeft UIInterfaceOrientationLandscapeRight";
				INFOPLIST_KEY_UISupportedInterfaceOrientations_iPhone = "UIInterfaceOrientationPortrait UIInterfaceOrientationLandscapeLeft UIInterfaceOrientationLandscapeRight";
				IPHONEOS_DEPLOYMENT_TARGET = 18.5;
				LD_RUNPATH_SEARCH_PATHS = "@executable_path/Frameworks";
				"LD_RUNPATH_SEARCH_PATHS[sdk=macosx*]" = "@executable_path/../Frameworks";
				MACOSX_DEPLOYMENT_TARGET = 15.5;
				MARKETING_VERSION = 1.0;
				PRODUCT_BUNDLE_IDENTIFIER = com.leoStudies.BestProducts;
				PRODUCT_NAME = "$(TARGET_NAME)";
				REGISTER_APP_GROUPS = YES;
				SDKROOT = auto;
				SUPPORTED_PLATFORMS = "iphoneos iphonesimulator macosx xros xrsimulator";
				SWIFT_ACTIVE_COMPILATION_CONDITIONS = PRODUCTS;
				SWIFT_EMIT_LOC_STRINGS = YES;
				SWIFT_VERSION = 5.0;
				TARGETED_DEVICE_FAMILY = "1,2,7";
				XROS_DEPLOYMENT_TARGET = 2.5;
			};
			name = Release;
		};
		98705B462E9FA0BD001C9A3F /* Debug */ = {
			isa = XCBuildConfiguration;
			buildSettings = {
				BUNDLE_LOADER = "$(TEST_HOST)";
				CODE_SIGN_STYLE = Automatic;
				CURRENT_PROJECT_VERSION = 1;
				DEVELOPMENT_TEAM = HXGGE8M769;
				GENERATE_INFOPLIST_FILE = YES;
				IPHONEOS_DEPLOYMENT_TARGET = 18.5;
				MACOSX_DEPLOYMENT_TARGET = 15.5;
				MARKETING_VERSION = 1.0;
				PRODUCT_BUNDLE_IDENTIFIER = com.leoStudies.BestProductsTests;
				PRODUCT_NAME = "$(TARGET_NAME)";
				SDKROOT = auto;
				SUPPORTED_PLATFORMS = "iphoneos iphonesimulator macosx xros xrsimulator";
				SWIFT_EMIT_LOC_STRINGS = NO;
				SWIFT_VERSION = 5.0;
				TARGETED_DEVICE_FAMILY = "1,2,7";
				TEST_HOST = "$(BUILT_PRODUCTS_DIR)/BestProducts.app/$(BUNDLE_EXECUTABLE_FOLDER_PATH)/BestProducts";
				XROS_DEPLOYMENT_TARGET = 2.5;
			};
			name = Debug;
		};
		98705B472E9FA0BD001C9A3F /* Release */ = {
			isa = XCBuildConfiguration;
			buildSettings = {
				BUNDLE_LOADER = "$(TEST_HOST)";
				CODE_SIGN_STYLE = Automatic;
				CURRENT_PROJECT_VERSION = 1;
				DEVELOPMENT_TEAM = HXGGE8M769;
				GENERATE_INFOPLIST_FILE = YES;
				IPHONEOS_DEPLOYMENT_TARGET = 18.5;
				MACOSX_DEPLOYMENT_TARGET = 15.5;
				MARKETING_VERSION = 1.0;
				PRODUCT_BUNDLE_IDENTIFIER = com.leoStudies.BestProductsTests;
				PRODUCT_NAME = "$(TARGET_NAME)";
				SDKROOT = auto;
				SUPPORTED_PLATFORMS = "iphoneos iphonesimulator macosx xros xrsimulator";
				SWIFT_EMIT_LOC_STRINGS = NO;
				SWIFT_VERSION = 5.0;
				TARGETED_DEVICE_FAMILY = "1,2,7";
				TEST_HOST = "$(BUILT_PRODUCTS_DIR)/BestProducts.app/$(BUNDLE_EXECUTABLE_FOLDER_PATH)/BestProducts";
				XROS_DEPLOYMENT_TARGET = 2.5;
			};
			name = Release;
		};
		98705B492E9FA0BD001C9A3F /* Debug */ = {
			isa = XCBuildConfiguration;
			buildSettings = {
				CODE_SIGN_STYLE = Automatic;
				CURRENT_PROJECT_VERSION = 1;
				DEVELOPMENT_TEAM = HXGGE8M769;
				GENERATE_INFOPLIST_FILE = YES;
				IPHONEOS_DEPLOYMENT_TARGET = 18.5;
				MACOSX_DEPLOYMENT_TARGET = 15.5;
				MARKETING_VERSION = 1.0;
				PRODUCT_BUNDLE_IDENTIFIER = com.leoStudies.BestProductsUITests;
				PRODUCT_NAME = "$(TARGET_NAME)";
				SDKROOT = auto;
				SUPPORTED_PLATFORMS = "iphoneos iphonesimulator macosx xros xrsimulator";
				SWIFT_EMIT_LOC_STRINGS = NO;
				SWIFT_VERSION = 5.0;
				TARGETED_DEVICE_FAMILY = "1,2,7";
				TEST_TARGET_NAME = BestProducts;
				XROS_DEPLOYMENT_TARGET = 2.5;
			};
			name = Debug;
		};
		98705B4A2E9FA0BD001C9A3F /* Release */ = {
			isa = XCBuildConfiguration;
			buildSettings = {
				CODE_SIGN_STYLE = Automatic;
				CURRENT_PROJECT_VERSION = 1;
				DEVELOPMENT_TEAM = HXGGE8M769;
				GENERATE_INFOPLIST_FILE = YES;
				IPHONEOS_DEPLOYMENT_TARGET = 18.5;
				MACOSX_DEPLOYMENT_TARGET = 15.5;
				MARKETING_VERSION = 1.0;
				PRODUCT_BUNDLE_IDENTIFIER = com.leoStudies.BestProductsUITests;
				PRODUCT_NAME = "$(TARGET_NAME)";
				SDKROOT = auto;
				SUPPORTED_PLATFORMS = "iphoneos iphonesimulator macosx xros xrsimulator";
				SWIFT_EMIT_LOC_STRINGS = NO;
				SWIFT_VERSION = 5.0;
				TARGETED_DEVICE_FAMILY = "1,2,7";
				TEST_TARGET_NAME = BestProducts;
				XROS_DEPLOYMENT_TARGET = 2.5;
			};
			name = Release;
		};
/* End XCBuildConfiguration section */

/* Begin XCConfigurationList section */
		98017E522EA1A7E500393AE7 /* Build configuration list for PBXNativeTarget "ProductForm" */ = {
			isa = XCConfigurationList;
			buildConfigurations = (
				98017E4C2EA1A7E500393AE7 /* Debug */,
				98017E4D2EA1A7E500393AE7 /* Release */,
			);
			defaultConfigurationIsVisible = 0;
			defaultConfigurationName = Release;
		};
		98017E532EA1A7E500393AE7 /* Build configuration list for PBXNativeTarget "ProductFormTests" */ = {
			isa = XCConfigurationList;
			buildConfigurations = (
				98017E4E2EA1A7E500393AE7 /* Debug */,
				98017E4F2EA1A7E500393AE7 /* Release */,
			);
			defaultConfigurationIsVisible = 0;
			defaultConfigurationName = Release;
		};
		98017E542EA1A7E500393AE7 /* Build configuration list for PBXNativeTarget "ProductFormUITests" */ = {
			isa = XCConfigurationList;
			buildConfigurations = (
				98017E502EA1A7E500393AE7 /* Debug */,
				98017E512EA1A7E500393AE7 /* Release */,
			);
			defaultConfigurationIsVisible = 0;
			defaultConfigurationName = Release;
		};
		98705B162E9FA0BB001C9A3F /* Build configuration list for PBXProject "BestProducts" */ = {
			isa = XCConfigurationList;
			buildConfigurations = (
				98705B402E9FA0BD001C9A3F /* Debug */,
				98705B412E9FA0BD001C9A3F /* Release */,
			);
			defaultConfigurationIsVisible = 0;
			defaultConfigurationName = Release;
		};
		98705B422E9FA0BD001C9A3F /* Build configuration list for PBXNativeTarget "BestProducts" */ = {
			isa = XCConfigurationList;
			buildConfigurations = (
				98705B432E9FA0BD001C9A3F /* Debug */,
				98705B442E9FA0BD001C9A3F /* Release */,
			);
			defaultConfigurationIsVisible = 0;
			defaultConfigurationName = Release;
		};
		98705B452E9FA0BD001C9A3F /* Build configuration list for PBXNativeTarget "BestProductsTests" */ = {
			isa = XCConfigurationList;
			buildConfigurations = (
				98705B462E9FA0BD001C9A3F /* Debug */,
				98705B472E9FA0BD001C9A3F /* Release */,
			);
			defaultConfigurationIsVisible = 0;
			defaultConfigurationName = Release;
		};
		98705B482E9FA0BD001C9A3F /* Build configuration list for PBXNativeTarget "BestProductsUITests" */ = {
			isa = XCConfigurationList;
			buildConfigurations = (
				98705B492E9FA0BD001C9A3F /* Debug */,
				98705B4A2E9FA0BD001C9A3F /* Release */,
			);
			defaultConfigurationIsVisible = 0;
			defaultConfigurationName = Release;
		};
/* End XCConfigurationList section */

/* Begin XCRemoteSwiftPackageReference section */
		9816B7AB2E9FA4E100853C98 /* XCRemoteSwiftPackageReference "SwiftLintPlugins" */ = {
			isa = XCRemoteSwiftPackageReference;
			repositoryURL = "https://github.com/SimplyDanny/SwiftLintPlugins";
			requirement = {
				kind = upToNextMajorVersion;
				minimumVersion = 0.62.1;
			};
		};
		9816B7AE2E9FA55900853C98 /* XCRemoteSwiftPackageReference "Factory" */ = {
			isa = XCRemoteSwiftPackageReference;
			repositoryURL = "https://github.com/hmlongco/Factory.git";
			requirement = {
				kind = upToNextMajorVersion;
				minimumVersion = 2.5.3;
			};
		};
		98BAA2582EA5186800E8DD01 /* XCRemoteSwiftPackageReference "Kingfisher" */ = {
			isa = XCRemoteSwiftPackageReference;
			repositoryURL = "https://github.com/onevcat/Kingfisher.git";
			requirement = {
				kind = upToNextMajorVersion;
				minimumVersion = 8.6.0;
			};
		};
/* End XCRemoteSwiftPackageReference section */

/* Begin XCSwiftPackageProductDependency section */
		98017EDD2EA2405C00393AE7 /* Factory */ = {
			isa = XCSwiftPackageProductDependency;
			package = 9816B7AE2E9FA55900853C98 /* XCRemoteSwiftPackageReference "Factory" */;
			productName = Factory;
		};
		9816B7AF2E9FA55900853C98 /* Factory */ = {
			isa = XCSwiftPackageProductDependency;
			package = 9816B7AE2E9FA55900853C98 /* XCRemoteSwiftPackageReference "Factory" */;
			productName = Factory;
		};
		9853BB9C2E9FA75600951F26 /* SwiftLintBuildToolPlugin */ = {
			isa = XCSwiftPackageProductDependency;
			package = 9816B7AB2E9FA4E100853C98 /* XCRemoteSwiftPackageReference "SwiftLintPlugins" */;
			productName = "plugin:SwiftLintBuildToolPlugin";
		};
		986603702EA64E8F004D9FA0 /* Kingfisher */ = {
			isa = XCSwiftPackageProductDependency;
			package = 98BAA2582EA5186800E8DD01 /* XCRemoteSwiftPackageReference "Kingfisher" */;
			productName = Kingfisher;
		};
		98BAA2592EA5186800E8DD01 /* Kingfisher */ = {
			isa = XCSwiftPackageProductDependency;
			package = 98BAA2582EA5186800E8DD01 /* XCRemoteSwiftPackageReference "Kingfisher" */;
			productName = Kingfisher;
		};
/* End XCSwiftPackageProductDependency section */
	};
	rootObject = 98705B132E9FA0BB001C9A3F /* Project object */;
}
